<?xml version="1.0" encoding="utf-8"?>
<Project ToolsVersion="4.0" xmlns="http://schemas.microsoft.com/developer/msbuild/2003">
  <ItemGroup>
    <Filter Include="Source Files">
      <UniqueIdentifier>{4FC737F1-C7A5-4376-A066-2A32D752A2FF}</UniqueIdentifier>
      <Extensions>cpp;c;cc;cxx;def;odl;idl;hpj;bat;asm;asmx</Extensions>
    </Filter>
    <Filter Include="Header Files">
      <UniqueIdentifier>{93995380-89BD-4b04-88EB-625FBE52EBFB}</UniqueIdentifier>
      <Extensions>h;hpp;hxx;hm;inl;inc;xsd</Extensions>
    </Filter>
    <Filter Include="Resource Files">
      <UniqueIdentifier>{67DA6AB6-F800-4c08-8B7A-83BB121AAD01}</UniqueIdentifier>
      <Extensions>rc;ico;cur;bmp;dlg;rc2;rct;bin;rgs;gif;jpg;jpeg;jpe;resx;tiff;tif;png;wav;mfcribbon-ms</Extensions>
    </Filter>
    <Filter Include="Header Files\libsrc">
      <UniqueIdentifier>{2eb2da32-2edb-4afd-9fbd-799df5c0d1fb}</UniqueIdentifier>
    </Filter>
    <Filter Include="Source Files\libsrc">
      <UniqueIdentifier>{cea030ba-5beb-40a7-81d9-51cd72c4a0de}</UniqueIdentifier>
    </Filter>
    <Filter Include="Source Files\game">
      <UniqueIdentifier>{b55b0b55-f45a-4f4a-8f84-b977993a5099}</UniqueIdentifier>
    </Filter>
    <Filter Include="Header Files\game">
      <UniqueIdentifier>{42553ebb-56d4-4e6a-bd6c-93b0ecec20d7}</UniqueIdentifier>
    </Filter>
    <Filter Include="Header Files\physic">
      <UniqueIdentifier>{a7039354-f13d-4691-a691-c57d162206e2}</UniqueIdentifier>
    </Filter>
    <Filter Include="Header Files\network">
      <UniqueIdentifier>{36610f18-6660-4271-9cd9-48d7f835b211}</UniqueIdentifier>
    </Filter>
    <Filter Include="Source Files\physic">
      <UniqueIdentifier>{a9faa104-f172-4994-aac3-ec5875ecc62b}</UniqueIdentifier>
    </Filter>
    <Filter Include="Source Files\network">
      <UniqueIdentifier>{2f56fb09-059e-477c-8435-19a04ae13a16}</UniqueIdentifier>
    </Filter>
    <Filter Include="Header Files\graphic">
      <UniqueIdentifier>{5f6f96c3-2d0c-423a-9c6b-758a761e8a94}</UniqueIdentifier>
    </Filter>
    <Filter Include="Source Files\graphic">
      <UniqueIdentifier>{76418ee6-b9bb-4d2d-96f3-89f5c303d835}</UniqueIdentifier>
    </Filter>
  </ItemGroup>
  <ItemGroup>
    <ClCompile Include="..\..\..\engine\configmanager.cpp">
      <Filter>Source Files</Filter>
    </ClCompile>
    <ClCompile Include="..\..\..\engine\factory.cpp">
      <Filter>Source Files</Filter>
    </ClCompile>
    <ClCompile Include="..\..\..\libsrc\stream\winsock_init.cpp">
      <Filter>Source Files\libsrc</Filter>
    </ClCompile>
    <ClCompile Include="..\..\..\libsrc\stream\udpstream.cpp">
      <Filter>Source Files\libsrc</Filter>
    </ClCompile>
    <ClCompile Include="..\..\..\libsrc\time\time.cpp">
      <Filter>Source Files\libsrc</Filter>
    </ClCompile>
    <ClCompile Include="..\..\..\libsrc\thread\thread.cpp">
      <Filter>Source Files\libsrc</Filter>
    </ClCompile>
    <ClCompile Include="..\..\..\libsrc\stream\tcpstream.cpp">
      <Filter>Source Files\libsrc</Filter>
    </ClCompile>
    <ClCompile Include="..\..\..\libsrc\stream\selector.cpp">
      <Filter>Source Files\libsrc</Filter>
    </ClCompile>
    <ClCompile Include="..\..\..\libsrc\random\prbg.cpp">
      <Filter>Source Files\libsrc</Filter>
    </ClCompile>
    <ClCompile Include="..\..\..\libsrc\endian\packet.cpp">
      <Filter>Source Files\libsrc</Filter>
    </ClCompile>
    <ClCompile Include="..\..\..\libsrc\thread\mutex.cpp">
      <Filter>Source Files\libsrc</Filter>
    </ClCompile>
    <ClCompile Include="..\..\..\libsrc\random\mt19937.cpp">
      <Filter>Source Files\libsrc</Filter>
    </ClCompile>
    <ClCompile Include="..\..\..\libsrc\thread\lightthreadpool.cpp">
      <Filter>Source Files\libsrc</Filter>
    </ClCompile>
    <ClCompile Include="..\..\..\libsrc\endian\endian.cpp">
      <Filter>Source Files\libsrc</Filter>
    </ClCompile>
    <ClCompile Include="..\..\..\libsrc\df\df_parser.cpp">
      <Filter>Source Files\libsrc</Filter>
    </ClCompile>
    <ClCompile Include="..\..\..\libsrc\df\df_node.cpp">
      <Filter>Source Files\libsrc</Filter>
    </ClCompile>
    <ClCompile Include="..\..\..\libsrc\thread\conditionvariable.cpp">
      <Filter>Source Files\libsrc</Filter>
    </ClCompile>
    <ClCompile Include="..\..\..\ui\console.cpp">
      <Filter>Source Files</Filter>
    </ClCompile>
    <ClCompile Include="..\..\..\ui\eventmanager.cpp">
      <Filter>Source Files</Filter>
    </ClCompile>
    <ClCompile Include="..\..\..\main.cpp">
      <Filter>Source Files</Filter>
    </ClCompile>
    <ClCompile Include="..\..\..\physic\aabbtree.cpp">
      <Filter>Source Files\physic</Filter>
    </ClCompile>
    <ClCompile Include="..\..\..\physic\body.cpp">
      <Filter>Source Files\physic</Filter>
    </ClCompile>
    <ClCompile Include="..\..\..\physic\physicengine.cpp">
      <Filter>Source Files\physic</Filter>
    </ClCompile>
    <ClCompile Include="..\..\..\physic\shape.cpp">
      <Filter>Source Files\physic</Filter>
    </ClCompile>
    <ClCompile Include="..\..\..\network\server.cpp">
      <Filter>Source Files\network</Filter>
    </ClCompile>
    <ClCompile Include="..\..\..\network\replication.cpp">
      <Filter>Source Files\network</Filter>
    </ClCompile>
    <ClCompile Include="..\..\..\network\networkproto.cpp">
      <Filter>Source Files\network</Filter>
    </ClCompile>
    <ClCompile Include="..\..\..\network\networkengine.cpp">
      <Filter>Source Files\network</Filter>
    </ClCompile>
    <ClCompile Include="..\..\..\network\messagequeue.cpp">
      <Filter>Source Files\network</Filter>
    </ClCompile>
    <ClCompile Include="..\..\..\network\client.cpp">
      <Filter>Source Files\network</Filter>
    </ClCompile>
    <ClCompile Include="..\..\..\engine\callbackmanager.cpp">
      <Filter>Source Files</Filter>
    </ClCompile>
    <ClCompile Include="..\..\..\engine\gameengine.cpp">
      <Filter>Source Files</Filter>
    </ClCompile>
    <ClCompile Include="..\..\..\game\world.cpp">
      <Filter>Source Files\game</Filter>
    </ClCompile>
    <ClCompile Include="..\..\..\game\acontroller.cpp">
      <Filter>Source Files\game</Filter>
    </ClCompile>
    <ClCompile Include="..\..\..\game\player.cpp">
      <Filter>Source Files\game</Filter>
    </ClCompile>
    <ClCompile Include="..\..\..\graphic\animation.cpp">
      <Filter>Source Files\graphic</Filter>
    </ClCompile>
    <ClCompile Include="..\..\..\graphic\graphicengine.cpp">
      <Filter>Source Files\graphic</Filter>
    </ClCompile>
    <ClCompile Include="..\..\..\graphic\renderer.cpp">
      <Filter>Source Files\graphic</Filter>
    </ClCompile>
    <ClCompile Include="..\..\..\game\particlesystem.cpp">
      <Filter>Source Files\game</Filter>
    </ClCompile>
    <ClCompile Include="..\..\..\game\projectile.cpp">
      <Filter>Source Files\game</Filter>
    </ClCompile>
    <ClCompile Include="..\..\..\physic\narrowphase.cpp">
      <Filter>Source Files\physic</Filter>
    </ClCompile>
    <ClCompile Include="..\..\..\engine\entity.cpp">
      <Filter>Source Files</Filter>
    </ClCompile>
    <ClCompile Include="..\..\..\engine\controller.cpp">
      <Filter>Source Files</Filter>
    </ClCompile>
  </ItemGroup>
  <ItemGroup>
    <ClInclude Include="..\..\..\engine\configmanager.hpp">
      <Filter>Header Files</Filter>
    </ClInclude>
    <ClInclude Include="..\..\..\engine\factory.hpp">
      <Filter>Header Files</Filter>
    </ClInclude>
    <ClInclude Include="..\..\..\libsrc\math\vec_util.hpp">
      <Filter>Header Files\libsrc</Filter>
    </ClInclude>
    <ClInclude Include="..\..\..\libsrc\math\vec.hpp">
      <Filter>Header Files\libsrc</Filter>
    </ClInclude>
    <ClInclude Include="..\..\..\libsrc\stream\udpstream.hpp">
      <Filter>Header Files\libsrc</Filter>
    </ClInclude>
    <ClInclude Include="..\..\..\libsrc\time\time.hpp">
      <Filter>Header Files\libsrc</Filter>
    </ClInclude>
    <ClInclude Include="..\..\..\libsrc\thread\thread.hpp">
      <Filter>Header Files\libsrc</Filter>
    </ClInclude>
    <ClInclude Include="..\..\..\libsrc\stream\tcpstream.hpp">
      <Filter>Header Files\libsrc</Filter>
    </ClInclude>
    <ClInclude Include="..\..\..\libsrc\stream\stream.hpp">
      <Filter>Header Files\libsrc</Filter>
    </ClInclude>
    <ClInclude Include="..\..\..\libsrc\stream\socket.hpp">
      <Filter>Header Files\libsrc</Filter>
    </ClInclude>
    <ClInclude Include="..\..\..\libsrc\stream\selector.hpp">
      <Filter>Header Files\libsrc</Filter>
    </ClInclude>
    <ClInclude Include="..\..\..\libsrc\random\prbg.hpp">
      <Filter>Header Files\libsrc</Filter>
    </ClInclude>
    <ClInclude Include="..\..\..\libsrc\endian\packet.hpp">
      <Filter>Header Files\libsrc</Filter>
    </ClInclude>
    <ClInclude Include="..\..\..\libsrc\thread\mutex.hpp">
      <Filter>Header Files\libsrc</Filter>
    </ClInclude>
    <ClInclude Include="..\..\..\libsrc\random\mt19937.hpp">
      <Filter>Header Files\libsrc</Filter>
    </ClInclude>
    <ClInclude Include="..\..\..\libsrc\thread\lightthreadpool.hpp">
      <Filter>Header Files\libsrc</Filter>
    </ClInclude>
    <ClInclude Include="..\..\..\libsrc\endian\endian.hpp">
      <Filter>Header Files\libsrc</Filter>
    </ClInclude>
    <ClInclude Include="..\..\..\libsrc\df\df_parser.hpp">
      <Filter>Header Files\libsrc</Filter>
    </ClInclude>
    <ClInclude Include="..\..\..\libsrc\df\df_node.hpp">
      <Filter>Header Files\libsrc</Filter>
    </ClInclude>
    <ClInclude Include="..\..\..\libsrc\thread\conditionvariable.hpp">
      <Filter>Header Files\libsrc</Filter>
    </ClInclude>
    <ClInclude Include="..\..\..\ui\console.hpp">
      <Filter>Header Files</Filter>
    </ClInclude>
    <ClInclude Include="..\..\..\ui\eventmanager.hpp">
      <Filter>Header Files</Filter>
    </ClInclude>
    <ClInclude Include="..\..\..\physic\aabbtree.hpp">
      <Filter>Header Files\physic</Filter>
    </ClInclude>
    <ClInclude Include="..\..\..\physic\body.hpp">
      <Filter>Header Files\physic</Filter>
    </ClInclude>
    <ClInclude Include="..\..\..\physic\physicengine.hpp">
      <Filter>Header Files\physic</Filter>
    </ClInclude>
    <ClInclude Include="..\..\..\physic\shape.hpp">
      <Filter>Header Files\physic</Filter>
    </ClInclude>
    <ClInclude Include="..\..\..\network\server.hpp">
      <Filter>Header Files\network</Filter>
    </ClInclude>
    <ClInclude Include="..\..\..\network\replication.hpp">
      <Filter>Header Files\network</Filter>
    </ClInclude>
    <ClInclude Include="..\..\..\network\networkproto.hpp">
      <Filter>Header Files\network</Filter>
    </ClInclude>
    <ClInclude Include="..\..\..\network\networkengine.hpp">
      <Filter>Header Files\network</Filter>
    </ClInclude>
    <ClInclude Include="..\..\..\network\messagequeue.hpp">
      <Filter>Header Files\network</Filter>
    </ClInclude>
    <ClInclude Include="..\..\..\network\client.hpp">
      <Filter>Header Files\network</Filter>
    </ClInclude>
    <ClInclude Include="..\..\..\libsrc\thread\spinlock.hpp">
      <Filter>Header Files\libsrc</Filter>
    </ClInclude>
    <ClInclude Include="..\..\..\libsrc\thread\lightthreadpool_util.hpp">
      <Filter>Header Files\libsrc</Filter>
    </ClInclude>
    <ClInclude Include="..\..\..\libsrc\new.hpp">
      <Filter>Header Files\libsrc</Filter>
    </ClInclude>
    <ClInclude Include="..\..\..\engine\callbackmanager.hpp">
      <Filter>Header Files</Filter>
    </ClInclude>
    <ClInclude Include="..\..\..\engine\gameengine.hpp">
      <Filter>Header Files</Filter>
    </ClInclude>
    <ClInclude Include="..\..\..\graphic\opencl_error.hpp">
      <Filter>Header Files\graphic</Filter>
    </ClInclude>
    <ClInclude Include="..\..\..\game\world.hpp">
      <Filter>Header Files\game</Filter>
    </ClInclude>
    <ClInclude Include="..\..\..\engine\common.hpp">
      <Filter>Header Files</Filter>
    </ClInclude>
    <ClInclude Include="..\..\..\game\acontroller.hpp">
      <Filter>Header Files\game</Filter>
    </ClInclude>
    <ClInclude Include="..\..\..\game\player.hpp">
      <Filter>Header Files\game</Filter>
    </ClInclude>
    <ClInclude Include="..\..\..\graphic\animation.hpp">
      <Filter>Header Files\graphic</Filter>
    </ClInclude>
    <ClInclude Include="..\..\..\graphic\graphicengine.hpp">
      <Filter>Header Files\graphic</Filter>
    </ClInclude>
    <ClInclude Include="..\..\..\graphic\renderer.hpp">
      <Filter>Header Files\graphic</Filter>
    </ClInclude>
    <ClInclude Include="..\..\..\game\particlesystem.hpp">
      <Filter>Header Files\game</Filter>
    </ClInclude>
    <ClInclude Include="..\..\..\game\projectile.hpp">
      <Filter>Header Files\game</Filter>
    </ClInclude>
    <ClInclude Include="..\..\..\engine\entity.hpp">
      <Filter>Header Files</Filter>
    </ClInclude>
    <ClInclude Include="..\..\..\engine\controller.hpp">
      <Filter>Header Files</Filter>
    </ClInclude>
    <ClInclude Include="..\..\..\physic\aabb.hpp">
      <Filter>Header Files\physic</Filter>
    </ClInclude>
  </ItemGroup>
</Project>